
Microsoft Visual Studio Solution File, Format Version 12.00
# Visual Studio Version 17
VisualStudioVersion = 17.4.33205.214
MinimumVisualStudioVersion = 10.0.40219.1
Project("{FAE04EC0-301F-11D3-BF4B-00C04F79EFBC}") = "(3N+1)Problem", "(3N+1)Problem\(3N+1)Problem.csproj", "{D2BC63D9-3852-4A0D-B616-2D7CA5D1A964}"
EndProject
Global
	GlobalSection(SolutionConfigurationPlatforms) = preSolution
		Debug|Any CPU = Debug|Any CPU
		Release|Any CPU = Release|Any CPU
	EndGlobalSection
	GlobalSection(ProjectConfigurationPlatforms) = postSolution
		{D2BC63D9-3852-4A0D-B616-2D7CA5D1A964}.Debug|Any CPU.ActiveCfg = Debug|Any CPU
		{D2BC63D9-3852-4A0D-B616-2D7CA5D1A964}.Debug|Any CPU.Build.0 = Debug|Any CPU
		{D2BC63D9-3852-4A0D-B616-2D7CA5D1A964}.Release|Any CPU.ActiveCfg = Release|Any CPU
		{D2BC63D9-3852-4A0D-B616-2D7CA5D1A964}.Release|Any CPU.Build.0 = Release|Any CPU
	EndGlobalSection
	GlobalSection(SolutionProperties) = preSolution
		HideSolutionNode = FALSE
	EndGlobalSection
	GlobalSection(ExtensibilityGlobals) = postSolution
		SolutionGuid = {BA5834BC-6B72-4DC6-9C8B-BFD3F68984D4}
	EndGlobalSection
EndGlobal
